# THIS IS AN AUTOGENERATED FILE. DO NOT EDIT THIS FILE DIRECTLY.
# yarn lockfile v1


"@clerk/backend@^1.31.2":
  version "1.31.2"
  resolved "https://registry.yarnpkg.com/@clerk/backend/-/backend-1.31.2.tgz#a4d191e12ced61aa7a1427a2cb02bc90a7bcdc19"
  integrity sha512-erTTcxY/ClMCvkL2UzaxZtS86kcyHN/RycIsniwR273v2WIeQSWy2P+5pfQ9NsCGn4DvyO1iwdCHZmcOlSxy1w==
  dependencies:
    "@clerk/shared" "^3.7.8"
    "@clerk/types" "^4.56.3"
    cookie "1.0.2"
    snakecase-keys "8.0.1"
    tslib "2.8.1"

"@clerk/express@^1.4.14":
  version "1.4.14"
  resolved "https://registry.yarnpkg.com/@clerk/express/-/express-1.4.14.tgz#5f9bd4691943a3282690466243e9eff82b0c66b4"
  integrity sha512-iZ3D1O/3wF4pINHILd7D0FMZZdLTxaKZhCHsR/K8ZqrxGRqI7FVgn7SMxR0okW2h/vf6e8ikuvedYGc7T7TwNw==
  dependencies:
    "@clerk/backend" "^1.31.2"
    "@clerk/shared" "^3.7.8"
    "@clerk/types" "^4.56.3"
    tslib "2.8.1"

"@clerk/shared@^3.7.8":
  version "3.7.8"
  resolved "https://registry.yarnpkg.com/@clerk/shared/-/shared-3.7.8.tgz#da0de3a940aaf98a9343b69a5046516bec3eff37"
  integrity sha512-+cjMDYORJ73pHp1vsn/6jaMPjSVeU01oXyHTTm3e3pm0C7YShMxEklVkZYg8uVEhAfNKSqdqwo3EKR4tuLEabw==
  dependencies:
    "@clerk/types" "^4.56.3"
    dequal "2.0.3"
    glob-to-regexp "0.4.1"
    js-cookie "3.0.5"
    std-env "^3.9.0"
    swr "^2.3.3"

"@clerk/types@^4.56.3":
  version "4.56.3"
  resolved "https://registry.yarnpkg.com/@clerk/types/-/types-4.56.3.tgz#6e7b420752b4aa73167e1a999991715f92a5b472"
  integrity sha512-DZ3Ge/SQClMqDw0kR1IZKN/xKpvLAIxYcj/TtswXK4rZK+CrlljHvRkViUMXNV0CAYHKVOSPdWnIyRE8OedPpA==
  dependencies:
    csstype "3.1.3"

"@esbuild/aix-ppc64@0.25.3":
  version "0.25.3"
  resolved "https://registry.npmjs.org/@esbuild/aix-ppc64/-/aix-ppc64-0.25.3.tgz"
  integrity sha512-W8bFfPA8DowP8l//sxjJLSLkD8iEjMc7cBVyP+u4cEv9sM7mdUCkgsj+t0n/BWPFtv7WWCN5Yzj0N6FJNUUqBQ==

"@esbuild/android-arm64@0.25.3":
  version "0.25.3"
  resolved "https://registry.npmjs.org/@esbuild/android-arm64/-/android-arm64-0.25.3.tgz"
  integrity sha512-XelR6MzjlZuBM4f5z2IQHK6LkK34Cvv6Rj2EntER3lwCBFdg6h2lKbtRjpTTsdEjD/WSe1q8UyPBXP1x3i/wYQ==

"@esbuild/android-arm@0.25.3":
  version "0.25.3"
  resolved "https://registry.npmjs.org/@esbuild/android-arm/-/android-arm-0.25.3.tgz"
  integrity sha512-PuwVXbnP87Tcff5I9ngV0lmiSu40xw1At6i3GsU77U7cjDDB4s0X2cyFuBiDa1SBk9DnvWwnGvVaGBqoFWPb7A==

"@esbuild/android-x64@0.25.3":
  version "0.25.3"
  resolved "https://registry.npmjs.org/@esbuild/android-x64/-/android-x64-0.25.3.tgz"
  integrity sha512-ogtTpYHT/g1GWS/zKM0cc/tIebFjm1F9Aw1boQ2Y0eUQ+J89d0jFY//s9ei9jVIlkYi8AfOjiixcLJSGNSOAdQ==

"@esbuild/darwin-arm64@0.25.3":
  version "0.25.3"
  resolved "https://registry.npmjs.org/@esbuild/darwin-arm64/-/darwin-arm64-0.25.3.tgz"
  integrity sha512-eESK5yfPNTqpAmDfFWNsOhmIOaQA59tAcF/EfYvo5/QWQCzXn5iUSOnqt3ra3UdzBv073ykTtmeLJZGt3HhA+w==

"@esbuild/darwin-x64@0.25.3":
  version "0.25.3"
  resolved "https://registry.npmjs.org/@esbuild/darwin-x64/-/darwin-x64-0.25.3.tgz"
  integrity sha512-Kd8glo7sIZtwOLcPbW0yLpKmBNWMANZhrC1r6K++uDR2zyzb6AeOYtI6udbtabmQpFaxJ8uduXMAo1gs5ozz8A==

"@esbuild/freebsd-arm64@0.25.3":
  version "0.25.3"
  resolved "https://registry.npmjs.org/@esbuild/freebsd-arm64/-/freebsd-arm64-0.25.3.tgz"
  integrity sha512-EJiyS70BYybOBpJth3M0KLOus0n+RRMKTYzhYhFeMwp7e/RaajXvP+BWlmEXNk6uk+KAu46j/kaQzr6au+JcIw==

"@esbuild/freebsd-x64@0.25.3":
  version "0.25.3"
  resolved "https://registry.npmjs.org/@esbuild/freebsd-x64/-/freebsd-x64-0.25.3.tgz"
  integrity sha512-Q+wSjaLpGxYf7zC0kL0nDlhsfuFkoN+EXrx2KSB33RhinWzejOd6AvgmP5JbkgXKmjhmpfgKZq24pneodYqE8Q==

"@esbuild/linux-arm64@0.25.3":
  version "0.25.3"
  resolved "https://registry.npmjs.org/@esbuild/linux-arm64/-/linux-arm64-0.25.3.tgz"
  integrity sha512-xCUgnNYhRD5bb1C1nqrDV1PfkwgbswTTBRbAd8aH5PhYzikdf/ddtsYyMXFfGSsb/6t6QaPSzxtbfAZr9uox4A==

"@esbuild/linux-arm@0.25.3":
  version "0.25.3"
  resolved "https://registry.npmjs.org/@esbuild/linux-arm/-/linux-arm-0.25.3.tgz"
  integrity sha512-dUOVmAUzuHy2ZOKIHIKHCm58HKzFqd+puLaS424h6I85GlSDRZIA5ycBixb3mFgM0Jdh+ZOSB6KptX30DD8YOQ==

"@esbuild/linux-ia32@0.25.3":
  version "0.25.3"
  resolved "https://registry.npmjs.org/@esbuild/linux-ia32/-/linux-ia32-0.25.3.tgz"
  integrity sha512-yplPOpczHOO4jTYKmuYuANI3WhvIPSVANGcNUeMlxH4twz/TeXuzEP41tGKNGWJjuMhotpGabeFYGAOU2ummBw==

"@esbuild/linux-loong64@0.25.3":
  version "0.25.3"
  resolved "https://registry.npmjs.org/@esbuild/linux-loong64/-/linux-loong64-0.25.3.tgz"
  integrity sha512-P4BLP5/fjyihmXCELRGrLd793q/lBtKMQl8ARGpDxgzgIKJDRJ/u4r1A/HgpBpKpKZelGct2PGI4T+axcedf6g==

"@esbuild/linux-mips64el@0.25.3":
  version "0.25.3"
  resolved "https://registry.npmjs.org/@esbuild/linux-mips64el/-/linux-mips64el-0.25.3.tgz"
  integrity sha512-eRAOV2ODpu6P5divMEMa26RRqb2yUoYsuQQOuFUexUoQndm4MdpXXDBbUoKIc0iPa4aCO7gIhtnYomkn2x+bag==

"@esbuild/linux-ppc64@0.25.3":
  version "0.25.3"
  resolved "https://registry.npmjs.org/@esbuild/linux-ppc64/-/linux-ppc64-0.25.3.tgz"
  integrity sha512-ZC4jV2p7VbzTlnl8nZKLcBkfzIf4Yad1SJM4ZMKYnJqZFD4rTI+pBG65u8ev4jk3/MPwY9DvGn50wi3uhdaghg==

"@esbuild/linux-riscv64@0.25.3":
  version "0.25.3"
  resolved "https://registry.npmjs.org/@esbuild/linux-riscv64/-/linux-riscv64-0.25.3.tgz"
  integrity sha512-LDDODcFzNtECTrUUbVCs6j9/bDVqy7DDRsuIXJg6so+mFksgwG7ZVnTruYi5V+z3eE5y+BJZw7VvUadkbfg7QA==

"@esbuild/linux-s390x@0.25.3":
  version "0.25.3"
  resolved "https://registry.npmjs.org/@esbuild/linux-s390x/-/linux-s390x-0.25.3.tgz"
  integrity sha512-s+w/NOY2k0yC2p9SLen+ymflgcpRkvwwa02fqmAwhBRI3SC12uiS10edHHXlVWwfAagYSY5UpmT/zISXPMW3tQ==

"@esbuild/linux-x64@0.25.3":
  version "0.25.3"
  resolved "https://registry.npmjs.org/@esbuild/linux-x64/-/linux-x64-0.25.3.tgz"
  integrity sha512-nQHDz4pXjSDC6UfOE1Fw9Q8d6GCAd9KdvMZpfVGWSJztYCarRgSDfOVBY5xwhQXseiyxapkiSJi/5/ja8mRFFA==

"@esbuild/netbsd-arm64@0.25.3":
  version "0.25.3"
  resolved "https://registry.npmjs.org/@esbuild/netbsd-arm64/-/netbsd-arm64-0.25.3.tgz"
  integrity sha512-1QaLtOWq0mzK6tzzp0jRN3eccmN3hezey7mhLnzC6oNlJoUJz4nym5ZD7mDnS/LZQgkrhEbEiTn515lPeLpgWA==

"@esbuild/netbsd-x64@0.25.3":
  version "0.25.3"
  resolved "https://registry.npmjs.org/@esbuild/netbsd-x64/-/netbsd-x64-0.25.3.tgz"
  integrity sha512-i5Hm68HXHdgv8wkrt+10Bc50zM0/eonPb/a/OFVfB6Qvpiirco5gBA5bz7S2SHuU+Y4LWn/zehzNX14Sp4r27g==

"@esbuild/openbsd-arm64@0.25.3":
  version "0.25.3"
  resolved "https://registry.npmjs.org/@esbuild/openbsd-arm64/-/openbsd-arm64-0.25.3.tgz"
  integrity sha512-zGAVApJEYTbOC6H/3QBr2mq3upG/LBEXr85/pTtKiv2IXcgKV0RT0QA/hSXZqSvLEpXeIxah7LczB4lkiYhTAQ==

"@esbuild/openbsd-x64@0.25.3":
  version "0.25.3"
  resolved "https://registry.npmjs.org/@esbuild/openbsd-x64/-/openbsd-x64-0.25.3.tgz"
  integrity sha512-fpqctI45NnCIDKBH5AXQBsD0NDPbEFczK98hk/aa6HJxbl+UtLkJV2+Bvy5hLSLk3LHmqt0NTkKNso1A9y1a4w==

"@esbuild/sunos-x64@0.25.3":
  version "0.25.3"
  resolved "https://registry.npmjs.org/@esbuild/sunos-x64/-/sunos-x64-0.25.3.tgz"
  integrity sha512-ROJhm7d8bk9dMCUZjkS8fgzsPAZEjtRJqCAmVgB0gMrvG7hfmPmz9k1rwO4jSiblFjYmNvbECL9uhaPzONMfgA==

"@esbuild/win32-arm64@0.25.3":
  version "0.25.3"
  resolved "https://registry.npmjs.org/@esbuild/win32-arm64/-/win32-arm64-0.25.3.tgz"
  integrity sha512-YWcow8peiHpNBiIXHwaswPnAXLsLVygFwCB3A7Bh5jRkIBFWHGmNQ48AlX4xDvQNoMZlPYzjVOQDYEzWCqufMQ==

"@esbuild/win32-ia32@0.25.3":
  version "0.25.3"
  resolved "https://registry.npmjs.org/@esbuild/win32-ia32/-/win32-ia32-0.25.3.tgz"
  integrity sha512-qspTZOIGoXVS4DpNqUYUs9UxVb04khS1Degaw/MnfMe7goQ3lTfQ13Vw4qY/Nj0979BGvMRpAYbs/BAxEvU8ew==

"@esbuild/win32-x64@0.25.3":
  version "0.25.3"
  resolved "https://registry.npmjs.org/@esbuild/win32-x64/-/win32-x64-0.25.3.tgz"
  integrity sha512-ICgUR+kPimx0vvRzf+N/7L7tVSQeE3BYY+NhHRHXS1kBuPO7z2+7ea2HbhDyZdTephgvNvKrlDDKUexuCVBVvg==

"@prisma/client@^6.7.0":
  version "6.7.0"
  resolved "https://registry.yarnpkg.com/@prisma/client/-/client-6.7.0.tgz#69f913b0a8cfb6aa5de5dca6aa57bfd4e91e7e95"
  integrity sha512-+k61zZn1XHjbZul8q6TdQLpuI/cvyfil87zqK2zpreNIXyXtpUv3+H/oM69hcsFcZXaokHJIzPAt5Z8C8eK2QA==

"@prisma/config@6.7.0":
  version "6.7.0"
  resolved "https://registry.npmjs.org/@prisma/config/-/config-6.7.0.tgz"
  integrity sha512-di8QDdvSz7DLUi3OOcCHSwxRNeW7jtGRUD2+Z3SdNE3A+pPiNT8WgUJoUyOwJmUr5t+JA2W15P78C/N+8RXrOA==
  dependencies:
    esbuild ">=0.12 <1"
    esbuild-register "3.6.0"

"@prisma/debug@6.7.0":
  version "6.7.0"
  resolved "https://registry.npmjs.org/@prisma/debug/-/debug-6.7.0.tgz"
  integrity sha512-RabHn9emKoYFsv99RLxvfG2GHzWk2ZI1BuVzqYtmMSIcuGboHY5uFt3Q3boOREM9de6z5s3bQoyKeWnq8Fz22w==

"@prisma/engines-version@6.7.0-36.3cff47a7f5d65c3ea74883f1d736e41d68ce91ed":
  version "6.7.0-36.3cff47a7f5d65c3ea74883f1d736e41d68ce91ed"
  resolved "https://registry.npmjs.org/@prisma/engines-version/-/engines-version-6.7.0-36.3cff47a7f5d65c3ea74883f1d736e41d68ce91ed.tgz"
  integrity sha512-EvpOFEWf1KkJpDsBCrih0kg3HdHuaCnXmMn7XFPObpFTzagK1N0Q0FMnYPsEhvARfANP5Ok11QyoTIRA2hgJTA==

"@prisma/engines@6.7.0":
  version "6.7.0"
  resolved "https://registry.npmjs.org/@prisma/engines/-/engines-6.7.0.tgz"
  integrity sha512-3wDMesnOxPrOsq++e5oKV9LmIiEazFTRFZrlULDQ8fxdub5w4NgRBoxtWbvXmj2nJVCnzuz6eFix3OhIqsZ1jw==
  dependencies:
    "@prisma/debug" "6.7.0"
    "@prisma/engines-version" "6.7.0-36.3cff47a7f5d65c3ea74883f1d736e41d68ce91ed"
    "@prisma/fetch-engine" "6.7.0"
    "@prisma/get-platform" "6.7.0"

"@prisma/fetch-engine@6.7.0":
  version "6.7.0"
  resolved "https://registry.npmjs.org/@prisma/fetch-engine/-/fetch-engine-6.7.0.tgz"
  integrity sha512-zLlAGnrkmioPKJR4Yf7NfW3hftcvqeNNEHleMZK9yX7RZSkhmxacAYyfGsCcqRt47jiZ7RKdgE0Wh2fWnm7WsQ==
  dependencies:
    "@prisma/debug" "6.7.0"
    "@prisma/engines-version" "6.7.0-36.3cff47a7f5d65c3ea74883f1d736e41d68ce91ed"
    "@prisma/get-platform" "6.7.0"

"@prisma/get-platform@6.7.0":
  version "6.7.0"
  resolved "https://registry.npmjs.org/@prisma/get-platform/-/get-platform-6.7.0.tgz"
  integrity sha512-i9IH5lO4fQwnMLvQLYNdgVh9TK3PuWBfQd7QLk/YurnAIg+VeADcZDbmhAi4XBBDD+hDif9hrKyASu0hbjwabw==
  dependencies:
    "@prisma/debug" "6.7.0"

"@types/body-parser@*":
  version "1.19.5"
  resolved "https://registry.npmjs.org/@types/body-parser/-/body-parser-1.19.5.tgz"
  integrity sha512-fB3Zu92ucau0iQ0JMCFQE7b/dv8Ot07NI3KaZIkIUNXq82k4eBAqUaneXfleGY9JWskeS9y+u0nXMyspcuQrCg==
  dependencies:
    "@types/connect" "*"
    "@types/node" "*"

"@types/connect@*":
  version "3.4.38"
  resolved "https://registry.npmjs.org/@types/connect/-/connect-3.4.38.tgz"
  integrity sha512-K6uROf1LD88uDQqJCktA4yzL1YYAK6NgfsI0v/mTgyPKWsX1CnJ0XPSDhViejru1GcRkLWb8RlzFYJRqGUbaug==
  dependencies:
    "@types/node" "*"

"@types/express-serve-static-core@^5.0.0":
  version "5.0.6"
  resolved "https://registry.npmjs.org/@types/express-serve-static-core/-/express-serve-static-core-5.0.6.tgz"
  integrity sha512-3xhRnjJPkULekpSzgtoNYYcTWgEZkp4myc+Saevii5JPnHNvHMRlBSHDbs7Bh1iPPoVTERHEZXyhyLbMEsExsA==
  dependencies:
    "@types/node" "*"
    "@types/qs" "*"
    "@types/range-parser" "*"
    "@types/send" "*"

"@types/express@^5.0.1":
  version "5.0.1"
  resolved "https://registry.npmjs.org/@types/express/-/express-5.0.1.tgz"
  integrity sha512-UZUw8vjpWFXuDnjFTh7/5c2TWDlQqeXHi6hcN7F2XSVT5P+WmUnnbFS3KA6Jnc6IsEqI2qCVu2bK0R0J4A8ZQQ==
  dependencies:
    "@types/body-parser" "*"
    "@types/express-serve-static-core" "^5.0.0"
    "@types/serve-static" "*"

"@types/http-errors@*":
  version "2.0.4"
  resolved "https://registry.npmjs.org/@types/http-errors/-/http-errors-2.0.4.tgz"
  integrity sha512-D0CFMMtydbJAegzOyHjtiKPLlvnm3iTZyZRSZoLq2mRhDdmLfIWOCYPfQJ4cu2erKghU++QvjcUjp/5h7hESpA==

"@types/mime@^1":
  version "1.3.5"
  resolved "https://registry.npmjs.org/@types/mime/-/mime-1.3.5.tgz"
  integrity sha512-/pyBZWSLD2n0dcHE3hq8s8ZvcETHtEuF+3E7XVt0Ig2nvsVQXdghHVcEkIWjy9A0wKfTn97a/PSDYohKIlnP/w==

"@types/node@*":
  version "22.15.3"
  resolved "https://registry.npmjs.org/@types/node/-/node-22.15.3.tgz"
  integrity sha512-lX7HFZeHf4QG/J7tBZqrCAXwz9J5RD56Y6MpP0eJkka8p+K0RY/yBTW7CYFJ4VGCclxqOLKmiGP5juQc6MKgcw==
  dependencies:
    undici-types "~6.21.0"

"@types/qs@*":
  version "6.9.18"
  resolved "https://registry.npmjs.org/@types/qs/-/qs-6.9.18.tgz"
  integrity sha512-kK7dgTYDyGqS+e2Q4aK9X3D7q234CIZ1Bv0q/7Z5IwRDoADNU81xXJK/YVyLbLTZCoIwUoDoffFeF+p/eIklAA==

"@types/range-parser@*":
  version "1.2.7"
  resolved "https://registry.npmjs.org/@types/range-parser/-/range-parser-1.2.7.tgz"
  integrity sha512-hKormJbkJqzQGhziax5PItDUTMAM9uE2XXQmM37dyd4hVM+5aVl7oVxMVUiVQn2oCQFN/LKCZdvSM0pFRqbSmQ==

"@types/send@*":
  version "0.17.4"
  resolved "https://registry.npmjs.org/@types/send/-/send-0.17.4.tgz"
  integrity sha512-x2EM6TJOybec7c52BX0ZspPodMsQUd5L6PRwOunVyVUhXiBSKf3AezDL8Dgvgt5o0UfKNfuA0eMLr2wLT4AiBA==
  dependencies:
    "@types/mime" "^1"
    "@types/node" "*"

"@types/serve-static@*":
  version "1.15.7"
  resolved "https://registry.npmjs.org/@types/serve-static/-/serve-static-1.15.7.tgz"
  integrity sha512-W8Ym+h8nhuRwaKPaDw34QUkwsGi6Rc4yYqvKFo5rm2FUEhCFbzVWrxXUxuKK8TASjWsysJY0nsmNCGhCOIsrOw==
  dependencies:
    "@types/http-errors" "*"
    "@types/node" "*"
    "@types/send" "*"

"@types/ws@^8.18.1":
  version "8.18.1"
  resolved "https://registry.npmjs.org/@types/ws/-/ws-8.18.1.tgz"
  integrity sha512-ThVF6DCVhA8kUGy+aazFQ4kXQ7E1Ty7A3ypFOe0IcJV8O/M511G99AW24irKrW56Wt44yG9+ij8FaqoBGkuBXg==
  dependencies:
    "@types/node" "*"

accepts@^2.0.0:
  version "2.0.0"
  resolved "https://registry.npmjs.org/accepts/-/accepts-2.0.0.tgz"
  integrity sha512-5cvg6CtKwfgdmVqY1WIiXKc3Q1bkRqGLi+2W/6ao+6Y7gu/RCwRuAhGEzh5B4KlszSuTLgZYuqFqo5bImjNKng==
  dependencies:
    mime-types "^3.0.0"
    negotiator "^1.0.0"

body-parser@^2.2.0:
  version "2.2.0"
  resolved "https://registry.npmjs.org/body-parser/-/body-parser-2.2.0.tgz"
  integrity sha512-02qvAaxv8tp7fBa/mw1ga98OGm+eCbqzJOKoRt70sLmfEEi+jyBYVTDGfCL/k06/4EMk/z01gCe7HoCH/f2LTg==
  dependencies:
    bytes "^3.1.2"
    content-type "^1.0.5"
    debug "^4.4.0"
    http-errors "^2.0.0"
    iconv-lite "^0.6.3"
    on-finished "^2.4.1"
    qs "^6.14.0"
    raw-body "^3.0.0"
    type-is "^2.0.0"

bytes@3.1.2, bytes@^3.1.2:
  version "3.1.2"
  resolved "https://registry.npmjs.org/bytes/-/bytes-3.1.2.tgz"
  integrity sha512-/Nf7TyzTx6S3yRJObOAV7956r8cr2+Oj8AC5dt8wSP3BQAoeX58NoHyCU8P8zGkNXStjTSi6fzO6F0pBdcYbEg==

call-bind-apply-helpers@^1.0.1, call-bind-apply-helpers@^1.0.2:
  version "1.0.2"
  resolved "https://registry.npmjs.org/call-bind-apply-helpers/-/call-bind-apply-helpers-1.0.2.tgz"
  integrity sha512-Sp1ablJ0ivDkSzjcaJdxEunN5/XvksFJ2sMBFfq6x0ryhQV/2b/KwFe21cMpmHtPOSij8K99/wSfoEuTObmuMQ==
  dependencies:
    es-errors "^1.3.0"
    function-bind "^1.1.2"

call-bound@^1.0.2:
  version "1.0.4"
  resolved "https://registry.npmjs.org/call-bound/-/call-bound-1.0.4.tgz"
  integrity sha512-+ys997U96po4Kx/ABpBCqhA9EuxJaQWDQg7295H4hBphv3IZg0boBKuwYpt4YXp6MZ5AmZQnU/tyMTlRpaSejg==
  dependencies:
    call-bind-apply-helpers "^1.0.2"
    get-intrinsic "^1.3.0"

content-disposition@^1.0.0:
  version "1.0.0"
  resolved "https://registry.npmjs.org/content-disposition/-/content-disposition-1.0.0.tgz"
  integrity sha512-Au9nRL8VNUut/XSzbQA38+M78dzP4D+eqg3gfJHMIHHYa3bg067xj1KxMUWj+VULbiZMowKngFFbKczUrNJ1mg==
  dependencies:
    safe-buffer "5.2.1"

content-type@^1.0.5:
  version "1.0.5"
  resolved "https://registry.npmjs.org/content-type/-/content-type-1.0.5.tgz"
  integrity sha512-nTjqfcBFEipKdXCv4YDQWCfmcLZKm81ldF0pAopTvyrFGVbcR6P/VAAd5G7N+0tTr8QqiU0tFadD6FK4NtJwOA==

cookie-signature@^1.2.1:
  version "1.2.2"
  resolved "https://registry.npmjs.org/cookie-signature/-/cookie-signature-1.2.2.tgz"
  integrity sha512-D76uU73ulSXrD1UXF4KE2TMxVVwhsnCgfAyTg9k8P6KGZjlXKrOLe4dJQKI3Bxi5wjesZoFXJWElNWBjPZMbhg==

cookie@1.0.2:
  version "1.0.2"
  resolved "https://registry.yarnpkg.com/cookie/-/cookie-1.0.2.tgz#27360701532116bd3f1f9416929d176afe1e4610"
  integrity sha512-9Kr/j4O16ISv8zBBhJoi4bXOYNTkFLOqSL3UDB0njXxCXNezjeyVrJyGOWtgfs/q2km1gwBcfH8q1yEGoMYunA==

cookie@^0.7.1:
  version "0.7.2"
  resolved "https://registry.npmjs.org/cookie/-/cookie-0.7.2.tgz"
  integrity sha512-yki5XnKuf750l50uGTllt6kKILY4nQ1eNIQatoXEByZ5dWgnKqbnqmTrBE5B4N7lrMJKQ2ytWMiTO2o0v6Ew/w==

csstype@3.1.3:
  version "3.1.3"
  resolved "https://registry.yarnpkg.com/csstype/-/csstype-3.1.3.tgz#d80ff294d114fb0e6ac500fbf85b60137d7eff81"
  integrity sha512-M1uQkMl8rQK/szD0LNhtqxIPLpimGm8sOBwU7lLnCpSbTyY3yeU1Vc7l4KT5zT4s/yOxHH5O7tIuuLOCnLADRw==

debug@^4.3.4, debug@^4.3.5, debug@^4.4.0:
  version "4.4.0"
  resolved "https://registry.npmjs.org/debug/-/debug-4.4.0.tgz"
  integrity sha512-6WTZ/IxCY/T6BALoZHaE4ctp9xm+Z5kY/pzYaCHRFeyVhojxlrm+46y68HA6hr0TcwEssoxNiDEUJQjfPZ/RYA==
  dependencies:
    ms "^2.1.3"

depd@2.0.0, depd@^2.0.0:
  version "2.0.0"
  resolved "https://registry.npmjs.org/depd/-/depd-2.0.0.tgz"
  integrity sha512-g7nH6P6dyDioJogAAGprGpCtVImJhpPk/roCzdb3fIh61/s/nPsfR6onyMwkCAR/OlC3yBC0lESvUoQEAssIrw==

dequal@2.0.3, dequal@^2.0.3:
  version "2.0.3"
  resolved "https://registry.yarnpkg.com/dequal/-/dequal-2.0.3.tgz#2644214f1997d39ed0ee0ece72335490a7ac67be"
  integrity sha512-0je+qPKHEMohvfRTCEo3CrPG6cAzAYgmzKyxRiYSSDkS6eGJdyVJm7WaYA5ECaAD9wLB2T4EEeymA5aFVcYXCA==

dot-case@^3.0.4:
  version "3.0.4"
  resolved "https://registry.yarnpkg.com/dot-case/-/dot-case-3.0.4.tgz#9b2b670d00a431667a8a75ba29cd1b98809ce751"
  integrity sha512-Kv5nKlh6yRrdrGvxeJ2e5y2eRUpkUosIW4A2AS38zwSz27zu7ufDwQPi5Jhs3XAlGNetl3bmnGhQsMtkKJnj3w==
  dependencies:
    no-case "^3.0.4"
    tslib "^2.0.3"

dunder-proto@^1.0.1:
  version "1.0.1"
  resolved "https://registry.npmjs.org/dunder-proto/-/dunder-proto-1.0.1.tgz"
  integrity sha512-KIN/nDJBQRcXw0MLVhZE9iQHmG68qAVIBg9CqmUYjmQIhgij9U5MFvrqkUL5FbtyyzZuOeOt0zdeRe4UY7ct+A==
  dependencies:
    call-bind-apply-helpers "^1.0.1"
    es-errors "^1.3.0"
    gopd "^1.2.0"

ee-first@1.1.1:
  version "1.1.1"
  resolved "https://registry.npmjs.org/ee-first/-/ee-first-1.1.1.tgz"
  integrity sha512-WMwm9LhRUo+WUaRN+vRuETqG89IgZphVSNkdFgeb6sS/E4OrDIN7t48CAewSHXc6C8lefD8KKfr5vY61brQlow==

encodeurl@^2.0.0:
  version "2.0.0"
  resolved "https://registry.npmjs.org/encodeurl/-/encodeurl-2.0.0.tgz"
  integrity sha512-Q0n9HRi4m6JuGIV1eFlmvJB7ZEVxu93IrMyiMsGC0lrMJMWzRgx6WGquyfQgZVb31vhGgXnfmPNNXmxnOkRBrg==

es-define-property@^1.0.1:
  version "1.0.1"
  resolved "https://registry.npmjs.org/es-define-property/-/es-define-property-1.0.1.tgz"
  integrity sha512-e3nRfgfUZ4rNGL232gUgX06QNyyez04KdjFrF+LTRoOXmrOgFKDg4BCdsjW8EnT69eqdYGmRpJwiPVYNrCaW3g==

es-errors@^1.3.0:
  version "1.3.0"
  resolved "https://registry.npmjs.org/es-errors/-/es-errors-1.3.0.tgz"
  integrity sha512-Zf5H2Kxt2xjTvbJvP2ZWLEICxA6j+hAmMzIlypy4xcBg1vKVnx89Wy0GbS+kf5cwCVFFzdCFh2XSCFNULS6csw==

es-object-atoms@^1.0.0, es-object-atoms@^1.1.1:
  version "1.1.1"
  resolved "https://registry.npmjs.org/es-object-atoms/-/es-object-atoms-1.1.1.tgz"
  integrity sha512-FGgH2h8zKNim9ljj7dankFPcICIK9Cp5bm+c2gQSYePhpaG5+esrLODihIorn+Pe6FGJzWhXQotPv73jTaldXA==
  dependencies:
    es-errors "^1.3.0"

esbuild-register@3.6.0:
  version "3.6.0"
  resolved "https://registry.npmjs.org/esbuild-register/-/esbuild-register-3.6.0.tgz"
  integrity sha512-H2/S7Pm8a9CL1uhp9OvjwrBh5Pvx0H8qVOxNu8Wed9Y7qv56MPtq+GGM8RJpq6glYJn9Wspr8uw7l55uyinNeg==
  dependencies:
    debug "^4.3.4"

"esbuild@>=0.12 <1":
  version "0.25.3"
  resolved "https://registry.npmjs.org/esbuild/-/esbuild-0.25.3.tgz"
  integrity sha512-qKA6Pvai73+M2FtftpNKRxJ78GIjmFXFxd/1DVBqGo/qNhLSfv+G12n9pNoWdytJC8U00TrViOwpjT0zgqQS8Q==
  optionalDependencies:
    "@esbuild/aix-ppc64" "0.25.3"
    "@esbuild/android-arm" "0.25.3"
    "@esbuild/android-arm64" "0.25.3"
    "@esbuild/android-x64" "0.25.3"
    "@esbuild/darwin-arm64" "0.25.3"
    "@esbuild/darwin-x64" "0.25.3"
    "@esbuild/freebsd-arm64" "0.25.3"
    "@esbuild/freebsd-x64" "0.25.3"
    "@esbuild/linux-arm" "0.25.3"
    "@esbuild/linux-arm64" "0.25.3"
    "@esbuild/linux-ia32" "0.25.3"
    "@esbuild/linux-loong64" "0.25.3"
    "@esbuild/linux-mips64el" "0.25.3"
    "@esbuild/linux-ppc64" "0.25.3"
    "@esbuild/linux-riscv64" "0.25.3"
    "@esbuild/linux-s390x" "0.25.3"
    "@esbuild/linux-x64" "0.25.3"
    "@esbuild/netbsd-arm64" "0.25.3"
    "@esbuild/netbsd-x64" "0.25.3"
    "@esbuild/openbsd-arm64" "0.25.3"
    "@esbuild/openbsd-x64" "0.25.3"
    "@esbuild/sunos-x64" "0.25.3"
    "@esbuild/win32-arm64" "0.25.3"
    "@esbuild/win32-ia32" "0.25.3"
    "@esbuild/win32-x64" "0.25.3"

escape-html@^1.0.3:
  version "1.0.3"
  resolved "https://registry.npmjs.org/escape-html/-/escape-html-1.0.3.tgz"
  integrity sha512-NiSupZ4OeuGwr68lGIeym/ksIZMJodUGOSCZ/FSnTxcrekbvqrgdUxlJOMpijaKZVjAJrWrGs/6Jy8OMuyj9ow==

etag@^1.8.1:
  version "1.8.1"
  resolved "https://registry.npmjs.org/etag/-/etag-1.8.1.tgz"
  integrity sha512-aIL5Fx7mawVa300al2BnEE4iNvo1qETxLrPI/o05L7z6go7fCw1J6EQmbK4FmJ2AS7kgVF/KEZWufBfdClMcPg==

express@^5.1.0:
  version "5.1.0"
  resolved "https://registry.npmjs.org/express/-/express-5.1.0.tgz"
  integrity sha512-DT9ck5YIRU+8GYzzU5kT3eHGA5iL+1Zd0EutOmTE9Dtk+Tvuzd23VBU+ec7HPNSTxXYO55gPV/hq4pSBJDjFpA==
  dependencies:
    accepts "^2.0.0"
    body-parser "^2.2.0"
    content-disposition "^1.0.0"
    content-type "^1.0.5"
    cookie "^0.7.1"
    cookie-signature "^1.2.1"
    debug "^4.4.0"
    encodeurl "^2.0.0"
    escape-html "^1.0.3"
    etag "^1.8.1"
    finalhandler "^2.1.0"
    fresh "^2.0.0"
    http-errors "^2.0.0"
    merge-descriptors "^2.0.0"
    mime-types "^3.0.0"
    on-finished "^2.4.1"
    once "^1.4.0"
    parseurl "^1.3.3"
    proxy-addr "^2.0.7"
    qs "^6.14.0"
    range-parser "^1.2.1"
    router "^2.2.0"
    send "^1.1.0"
    serve-static "^2.2.0"
    statuses "^2.0.1"
    type-is "^2.0.1"
    vary "^1.1.2"

finalhandler@^2.1.0:
  version "2.1.0"
  resolved "https://registry.npmjs.org/finalhandler/-/finalhandler-2.1.0.tgz"
  integrity sha512-/t88Ty3d5JWQbWYgaOGCCYfXRwV1+be02WqYYlL6h0lEiUAMPM8o8qKGO01YIkOHzka2up08wvgYD0mDiI+q3Q==
  dependencies:
    debug "^4.4.0"
    encodeurl "^2.0.0"
    escape-html "^1.0.3"
    on-finished "^2.4.1"
    parseurl "^1.3.3"
    statuses "^2.0.1"

forwarded@0.2.0:
  version "0.2.0"
  resolved "https://registry.npmjs.org/forwarded/-/forwarded-0.2.0.tgz"
  integrity sha512-buRG0fpBtRHSTCOASe6hD258tEubFoRLb4ZNA6NxMVHNw2gOcwHo9wyablzMzOA5z9xA9L1KNjk/Nt6MT9aYow==

fresh@^2.0.0:
  version "2.0.0"
  resolved "https://registry.npmjs.org/fresh/-/fresh-2.0.0.tgz"
  integrity sha512-Rx/WycZ60HOaqLKAi6cHRKKI7zxWbJ31MhntmtwMoaTeF7XFH9hhBp8vITaMidfljRQ6eYWCKkaTK+ykVJHP2A==

fsevents@2.3.3:
  version "2.3.3"
  resolved "https://registry.npmjs.org/fsevents/-/fsevents-2.3.3.tgz"
  integrity sha512-5xoDfX+fL7faATnagmWPpbFtwh/R77WmMMqqHGS65C3vvB0YHrgF+B1YmZ3441tMj5n63k0212XNoJwzlhffQw==

function-bind@^1.1.2:
  version "1.1.2"
  resolved "https://registry.npmjs.org/function-bind/-/function-bind-1.1.2.tgz"
  integrity sha512-7XHNxH7qX9xG5mIwxkhumTox/MIRNcOgDrxWsMt2pAr23WHp6MrRlN7FBSFpCpr+oVO0F744iUgR82nJMfG2SA==

get-intrinsic@^1.2.5, get-intrinsic@^1.3.0:
  version "1.3.0"
  resolved "https://registry.npmjs.org/get-intrinsic/-/get-intrinsic-1.3.0.tgz"
  integrity sha512-9fSjSaos/fRIVIp+xSJlE6lfwhES7LNtKaCBIamHsjr2na1BiABJPo0mOjjz8GJDURarmCPGqaiVg5mfjb98CQ==
  dependencies:
    call-bind-apply-helpers "^1.0.2"
    es-define-property "^1.0.1"
    es-errors "^1.3.0"
    es-object-atoms "^1.1.1"
    function-bind "^1.1.2"
    get-proto "^1.0.1"
    gopd "^1.2.0"
    has-symbols "^1.1.0"
    hasown "^2.0.2"
    math-intrinsics "^1.1.0"

get-proto@^1.0.1:
  version "1.0.1"
  resolved "https://registry.npmjs.org/get-proto/-/get-proto-1.0.1.tgz"
  integrity sha512-sTSfBjoXBp89JvIKIefqw7U2CCebsc74kiY6awiGogKtoSGbgjYE/G/+l9sF3MWFPNc9IcoOC4ODfKHfxFmp0g==
  dependencies:
    dunder-proto "^1.0.1"
    es-object-atoms "^1.0.0"

glob-to-regexp@0.4.1:
  version "0.4.1"
  resolved "https://registry.yarnpkg.com/glob-to-regexp/-/glob-to-regexp-0.4.1.tgz#c75297087c851b9a578bd217dd59a92f59fe546e"
  integrity sha512-lkX1HJXwyMcprw/5YUZc2s7DrpAiHB21/V+E1rHUrVNokkvB6bqMzT0VfV6/86ZNabt1k14YOIaT7nDvOX3Iiw==

gopd@^1.2.0:
  version "1.2.0"
  resolved "https://registry.npmjs.org/gopd/-/gopd-1.2.0.tgz"
  integrity sha512-ZUKRh6/kUFoAiTAtTYPZJ3hw9wNxx+BIBOijnlG9PnrJsCcSjs1wyyD6vJpaYtgnzDrKYRSqf3OO6Rfa93xsRg==

has-symbols@^1.1.0:
  version "1.1.0"
  resolved "https://registry.npmjs.org/has-symbols/-/has-symbols-1.1.0.tgz"
  integrity sha512-1cDNdwJ2Jaohmb3sg4OmKaMBwuC48sYni5HUw2DvsC8LjGTLK9h+eb1X6RyuOHe4hT0ULCW68iomhjUoKUqlPQ==

hasown@^2.0.2:
  version "2.0.2"
  resolved "https://registry.npmjs.org/hasown/-/hasown-2.0.2.tgz"
  integrity sha512-0hJU9SCPvmMzIBdZFqNPXWa6dqh7WdH0cII9y+CyS8rG3nL48Bclra9HmKhVVUHyPWNH5Y7xDwAB7bfgSjkUMQ==
  dependencies:
    function-bind "^1.1.2"

http-errors@2.0.0, http-errors@^2.0.0:
  version "2.0.0"
  resolved "https://registry.npmjs.org/http-errors/-/http-errors-2.0.0.tgz"
  integrity sha512-FtwrG/euBzaEjYeRqOgly7G0qviiXoJWnvEH2Z1plBdXgbyjv34pHTSb9zoeHMyDy33+DWy5Wt9Wo+TURtOYSQ==
  dependencies:
    depd "2.0.0"
    inherits "2.0.4"
    setprototypeof "1.2.0"
    statuses "2.0.1"
    toidentifier "1.0.1"

iconv-lite@0.6.3, iconv-lite@^0.6.3:
  version "0.6.3"
  resolved "https://registry.npmjs.org/iconv-lite/-/iconv-lite-0.6.3.tgz"
  integrity sha512-4fCk79wshMdzMp2rH06qWrJE4iolqLhCUH+OiuIgU++RB0+94NlDL81atO7GX55uUKueo0txHNtvEyI6D7WdMw==
  dependencies:
    safer-buffer ">= 2.1.2 < 3.0.0"

inherits@2.0.4:
  version "2.0.4"
  resolved "https://registry.npmjs.org/inherits/-/inherits-2.0.4.tgz"
  integrity sha512-k/vGaX4/Yla3WzyMCvTQOXYeIHvqOKtnqBduzTHpzpQZzAskKMhZ2K+EnBiSM9zGSoIFeMpXKxa4dYeZIQqewQ==

ipaddr.js@1.9.1:
  version "1.9.1"
  resolved "https://registry.npmjs.org/ipaddr.js/-/ipaddr.js-1.9.1.tgz"
  integrity sha512-0KI/607xoxSToH7GjN1FfSbLoU0+btTicjsQSWQlh/hZykN8KpmMf7uYwPW3R+akZ6R/w18ZlXSHBYXiYUPO3g==

is-promise@^4.0.0:
  version "4.0.0"
  resolved "https://registry.npmjs.org/is-promise/-/is-promise-4.0.0.tgz"
  integrity sha512-hvpoI6korhJMnej285dSg6nu1+e6uxs7zG3BYAm5byqDsgJNWwxzM6z6iZiAgQR4TJ30JmBTOwqZUw3WlyH3AQ==

js-cookie@3.0.5:
  version "3.0.5"
  resolved "https://registry.yarnpkg.com/js-cookie/-/js-cookie-3.0.5.tgz#0b7e2fd0c01552c58ba86e0841f94dc2557dcdbc"
  integrity sha512-cEiJEAEoIbWfCZYKWhVwFuvPX1gETRYPw6LlaTKoxD3s2AkXzkCjnp6h0V77ozyqj0jakteJ4YqDJT830+lVGw==

lower-case@^2.0.2:
  version "2.0.2"
  resolved "https://registry.yarnpkg.com/lower-case/-/lower-case-2.0.2.tgz#6fa237c63dbdc4a82ca0fd882e4722dc5e634e28"
  integrity sha512-7fm3l3NAF9WfN6W3JOmf5drwpVqX78JtoGJ3A6W0a6ZnldM41w2fV5D490psKFTpMds8TJse/eHLFFsNHHjHgg==
  dependencies:
    tslib "^2.0.3"

map-obj@^4.1.0:
  version "4.3.0"
  resolved "https://registry.yarnpkg.com/map-obj/-/map-obj-4.3.0.tgz#9304f906e93faae70880da102a9f1df0ea8bb05a"
  integrity sha512-hdN1wVrZbb29eBGiGjJbeP8JbKjq1urkHJ/LIP/NY48MZ1QVXUsQBV1G1zvYFHn1XE06cwjBsOI2K3Ulnj1YXQ==

math-intrinsics@^1.1.0:
  version "1.1.0"
  resolved "https://registry.npmjs.org/math-intrinsics/-/math-intrinsics-1.1.0.tgz"
  integrity sha512-/IXtbwEk5HTPyEwyKX6hGkYXxM9nbj64B+ilVJnC/R6B0pH5G4V3b0pVbL7DBj4tkhBAppbQUlf6F6Xl9LHu1g==

media-typer@^1.1.0:
  version "1.1.0"
  resolved "https://registry.npmjs.org/media-typer/-/media-typer-1.1.0.tgz"
  integrity sha512-aisnrDP4GNe06UcKFnV5bfMNPBUw4jsLGaWwWfnH3v02GnBuXX2MCVn5RbrWo0j3pczUilYblq7fQ7Nw2t5XKw==

merge-descriptors@^2.0.0:
  version "2.0.0"
  resolved "https://registry.npmjs.org/merge-descriptors/-/merge-descriptors-2.0.0.tgz"
  integrity sha512-Snk314V5ayFLhp3fkUREub6WtjBfPdCPY1Ln8/8munuLuiYhsABgBVWsozAG+MWMbVEvcdcpbi9R7ww22l9Q3g==

mime-db@^1.54.0:
  version "1.54.0"
  resolved "https://registry.npmjs.org/mime-db/-/mime-db-1.54.0.tgz"
  integrity sha512-aU5EJuIN2WDemCcAp2vFBfp/m4EAhWJnUNSSw0ixs7/kXbd6Pg64EmwJkNdFhB8aWt1sH2CTXrLxo/iAGV3oPQ==

mime-types@^3.0.0, mime-types@^3.0.1:
  version "3.0.1"
  resolved "https://registry.npmjs.org/mime-types/-/mime-types-3.0.1.tgz"
  integrity sha512-xRc4oEhT6eaBpU1XF7AjpOFD+xQmXNB5OVKwp4tqCuBpHLS/ZbBDrc07mYTDqVMg6PfxUjjNp85O6Cd2Z/5HWA==
  dependencies:
    mime-db "^1.54.0"

ms@^2.1.3:
  version "2.1.3"
  resolved "https://registry.npmjs.org/ms/-/ms-2.1.3.tgz"
  integrity sha512-6FlzubTLZG3J2a/NVCAleEhjzq5oxgHyaCU9yYXvcLsvoVaHJq/s5xXI6/XXP6tz7R9xAOtHnSO/tXtF3WRTlA==

negotiator@^1.0.0:
  version "1.0.0"
  resolved "https://registry.npmjs.org/negotiator/-/negotiator-1.0.0.tgz"
  integrity sha512-8Ofs/AUQh8MaEcrlq5xOX0CQ9ypTF5dl78mjlMNfOK08fzpgTHQRQPBxcPlEtIw0yRpws+Zo/3r+5WRby7u3Gg==

no-case@^3.0.4:
  version "3.0.4"
  resolved "https://registry.yarnpkg.com/no-case/-/no-case-3.0.4.tgz#d361fd5c9800f558551a8369fc0dcd4662b6124d"
  integrity sha512-fgAN3jGAh+RoxUGZHTSOLJIqUc2wmoBwGR4tbpNAKmmovFoWq0OdRkb0VkldReO2a2iBT/OEulG9XSUc10r3zg==
  dependencies:
    lower-case "^2.0.2"
    tslib "^2.0.3"

object-inspect@^1.13.3:
  version "1.13.4"
  resolved "https://registry.npmjs.org/object-inspect/-/object-inspect-1.13.4.tgz"
  integrity sha512-W67iLl4J2EXEGTbfeHCffrjDfitvLANg0UlX3wFUUSTx92KXRFegMHUVgSqE+wvhAbi4WqjGg9czysTV2Epbew==

on-finished@^2.4.1:
  version "2.4.1"
  resolved "https://registry.npmjs.org/on-finished/-/on-finished-2.4.1.tgz"
  integrity sha512-oVlzkg3ENAhCk2zdv7IJwd/QUD4z2RxRwpkcGY8psCVcCYZNq4wYnVWALHM+brtuJjePWiYF/ClmuDr8Ch5+kg==
  dependencies:
    ee-first "1.1.1"

once@^1.4.0:
  version "1.4.0"
  resolved "https://registry.npmjs.org/once/-/once-1.4.0.tgz"
  integrity sha512-lNaJgI+2Q5URQBkccEKHTQOPaXdUxnZZElQTZY0MFUAuaEqe1E+Nyvgdz/aIyNi6Z9MzO5dv1H8n58/GELp3+w==
  dependencies:
    wrappy "1"

parseurl@^1.3.3:
  version "1.3.3"
  resolved "https://registry.npmjs.org/parseurl/-/parseurl-1.3.3.tgz"
  integrity sha512-CiyeOxFT/JZyN5m0z9PfXw4SCBJ6Sygz1Dpl0wqjlhDEGGBP1GnsUVEL0p63hoG1fcj3fHynXi9NYO4nWOL+qQ==

path-to-regexp@^8.0.0:
  version "8.2.0"
  resolved "https://registry.npmjs.org/path-to-regexp/-/path-to-regexp-8.2.0.tgz"
  integrity sha512-TdrF7fW9Rphjq4RjrW0Kp2AW0Ahwu9sRGTkS6bvDi0SCwZlEZYmcfDbEsTz8RVk0EHIS/Vd1bv3JhG+1xZuAyQ==

prisma@^6.7.0:
  version "6.7.0"
  resolved "https://registry.npmjs.org/prisma/-/prisma-6.7.0.tgz"
  integrity sha512-vArg+4UqnQ13CVhc2WUosemwh6hr6cr6FY2uzDvCIFwH8pu8BXVv38PktoMLVjtX7sbYThxbnZF5YiR8sN2clw==
  dependencies:
    "@prisma/config" "6.7.0"
    "@prisma/engines" "6.7.0"
  optionalDependencies:
    fsevents "2.3.3"

proxy-addr@^2.0.7:
  version "2.0.7"
  resolved "https://registry.npmjs.org/proxy-addr/-/proxy-addr-2.0.7.tgz"
  integrity sha512-llQsMLSUDUPT44jdrU/O37qlnifitDP+ZwrmmZcoSKyLKvtZxpyV0n2/bD/N4tBAAZ/gJEdZU7KMraoK1+XYAg==
  dependencies:
    forwarded "0.2.0"
    ipaddr.js "1.9.1"

qs@^6.14.0:
  version "6.14.0"
  resolved "https://registry.npmjs.org/qs/-/qs-6.14.0.tgz"
  integrity sha512-YWWTjgABSKcvs/nWBi9PycY/JiPJqOD4JA6o9Sej2AtvSGarXxKC3OQSk4pAarbdQlKAh5D4FCQkJNkW+GAn3w==
  dependencies:
    side-channel "^1.1.0"

range-parser@^1.2.1:
  version "1.2.1"
  resolved "https://registry.npmjs.org/range-parser/-/range-parser-1.2.1.tgz"
  integrity sha512-Hrgsx+orqoygnmhFbKaHE6c296J+HTAQXoxEF6gNupROmmGJRoyzfG3ccAveqCBrwr/2yxQ5BVd/GTl5agOwSg==

raw-body@^3.0.0:
  version "3.0.0"
  resolved "https://registry.npmjs.org/raw-body/-/raw-body-3.0.0.tgz"
  integrity sha512-RmkhL8CAyCRPXCE28MMH0z2PNWQBNk2Q09ZdxM9IOOXwxwZbN+qbWaatPkdkWIKL2ZVDImrN/pK5HTRz2PcS4g==
  dependencies:
    bytes "3.1.2"
    http-errors "2.0.0"
    iconv-lite "0.6.3"
    unpipe "1.0.0"

router@^2.2.0:
  version "2.2.0"
  resolved "https://registry.npmjs.org/router/-/router-2.2.0.tgz"
  integrity sha512-nLTrUKm2UyiL7rlhapu/Zl45FwNgkZGaCpZbIHajDYgwlJCOzLSk+cIPAnsEqV955GjILJnKbdQC1nVPz+gAYQ==
  dependencies:
    debug "^4.4.0"
    depd "^2.0.0"
    is-promise "^4.0.0"
    parseurl "^1.3.3"
    path-to-regexp "^8.0.0"

safe-buffer@5.2.1:
  version "5.2.1"
  resolved "https://registry.npmjs.org/safe-buffer/-/safe-buffer-5.2.1.tgz"
  integrity sha512-rp3So07KcdmmKbGvgaNxQSJr7bGVSVk5S9Eq1F+ppbRo70+YeaDxkw5Dd8NPN+GD6bjnYm2VuPuCXmpuYvmCXQ==

"safer-buffer@>= 2.1.2 < 3.0.0":
  version "2.1.2"
  resolved "https://registry.npmjs.org/safer-buffer/-/safer-buffer-2.1.2.tgz"
  integrity sha512-YZo3K82SD7Riyi0E1EQPojLz7kpepnSQI9IyPbHHg1XXXevb5dJI7tpyN2ADxGcQbHG7vcyRHk0cbwqcQriUtg==

send@^1.1.0, send@^1.2.0:
  version "1.2.0"
  resolved "https://registry.npmjs.org/send/-/send-1.2.0.tgz"
  integrity sha512-uaW0WwXKpL9blXE2o0bRhoL2EGXIrZxQ2ZQ4mgcfoBxdFmQold+qWsD2jLrfZ0trjKL6vOw0j//eAwcALFjKSw==
  dependencies:
    debug "^4.3.5"
    encodeurl "^2.0.0"
    escape-html "^1.0.3"
    etag "^1.8.1"
    fresh "^2.0.0"
    http-errors "^2.0.0"
    mime-types "^3.0.1"
    ms "^2.1.3"
    on-finished "^2.4.1"
    range-parser "^1.2.1"
    statuses "^2.0.1"

serve-static@^2.2.0:
  version "2.2.0"
  resolved "https://registry.npmjs.org/serve-static/-/serve-static-2.2.0.tgz"
  integrity sha512-61g9pCh0Vnh7IutZjtLGGpTA355+OPn2TyDv/6ivP2h/AdAVX9azsoxmg2/M6nZeQZNYBEwIcsne1mJd9oQItQ==
  dependencies:
    encodeurl "^2.0.0"
    escape-html "^1.0.3"
    parseurl "^1.3.3"
    send "^1.2.0"

setprototypeof@1.2.0:
  version "1.2.0"
  resolved "https://registry.npmjs.org/setprototypeof/-/setprototypeof-1.2.0.tgz"
  integrity sha512-E5LDX7Wrp85Kil5bhZv46j8jOeboKq5JMmYM3gVGdGH8xFpPWXUMsNrlODCrkoxMEeNi/XZIwuRvY4XNwYMJpw==

side-channel-list@^1.0.0:
  version "1.0.0"
  resolved "https://registry.npmjs.org/side-channel-list/-/side-channel-list-1.0.0.tgz"
  integrity sha512-FCLHtRD/gnpCiCHEiJLOwdmFP+wzCmDEkc9y7NsYxeF4u7Btsn1ZuwgwJGxImImHicJArLP4R0yX4c2KCrMrTA==
  dependencies:
    es-errors "^1.3.0"
    object-inspect "^1.13.3"

side-channel-map@^1.0.1:
  version "1.0.1"
  resolved "https://registry.npmjs.org/side-channel-map/-/side-channel-map-1.0.1.tgz"
  integrity sha512-VCjCNfgMsby3tTdo02nbjtM/ewra6jPHmpThenkTYh8pG9ucZ/1P8So4u4FGBek/BjpOVsDCMoLA/iuBKIFXRA==
  dependencies:
    call-bound "^1.0.2"
    es-errors "^1.3.0"
    get-intrinsic "^1.2.5"
    object-inspect "^1.13.3"

side-channel-weakmap@^1.0.2:
  version "1.0.2"
  resolved "https://registry.npmjs.org/side-channel-weakmap/-/side-channel-weakmap-1.0.2.tgz"
  integrity sha512-WPS/HvHQTYnHisLo9McqBHOJk2FkHO/tlpvldyrnem4aeQp4hai3gythswg6p01oSoTl58rcpiFAjF2br2Ak2A==
  dependencies:
    call-bound "^1.0.2"
    es-errors "^1.3.0"
    get-intrinsic "^1.2.5"
    object-inspect "^1.13.3"
    side-channel-map "^1.0.1"

side-channel@^1.1.0:
  version "1.1.0"
  resolved "https://registry.npmjs.org/side-channel/-/side-channel-1.1.0.tgz"
  integrity sha512-ZX99e6tRweoUXqR+VBrslhda51Nh5MTQwou5tnUDgbtyM0dBgmhEDtWGP/xbKn6hqfPRHujUNwz5fy/wbbhnpw==
  dependencies:
    es-errors "^1.3.0"
    object-inspect "^1.13.3"
    side-channel-list "^1.0.0"
    side-channel-map "^1.0.1"
    side-channel-weakmap "^1.0.2"

snake-case@^3.0.4:
  version "3.0.4"
  resolved "https://registry.yarnpkg.com/snake-case/-/snake-case-3.0.4.tgz#4f2bbd568e9935abdfd593f34c691dadb49c452c"
  integrity sha512-LAOh4z89bGQvl9pFfNF8V146i7o7/CqFPbqzYgP+yYzDIDeS9HaNFtXABamRW+AQzEVODcvE79ljJ+8a9YSdMg==
  dependencies:
    dot-case "^3.0.4"
    tslib "^2.0.3"

snakecase-keys@8.0.1:
  version "8.0.1"
  resolved "https://registry.yarnpkg.com/snakecase-keys/-/snakecase-keys-8.0.1.tgz#cd75429b9b575fb79c1273334b4926bf49da2911"
  integrity sha512-Sj51kE1zC7zh6TDlNNz0/Jn1n5HiHdoQErxO8jLtnyrkJW/M5PrI7x05uDgY3BO7OUQYKCvmeMurW6BPUdwEOw==
  dependencies:
    map-obj "^4.1.0"
    snake-case "^3.0.4"
    type-fest "^4.15.0"

statuses@2.0.1, statuses@^2.0.1:
  version "2.0.1"
  resolved "https://registry.npmjs.org/statuses/-/statuses-2.0.1.tgz"
  integrity sha512-RwNA9Z/7PrK06rYLIzFMlaF+l73iwpzsqRIFgbMLbTcLD6cOao82TaWefPXQvB2fOC4AjuYSEndS7N/mTCbkdQ==

std-env@^3.9.0:
  version "3.9.0"
  resolved "https://registry.yarnpkg.com/std-env/-/std-env-3.9.0.tgz#1a6f7243b339dca4c9fd55e1c7504c77ef23e8f1"
  integrity sha512-UGvjygr6F6tpH7o2qyqR6QYpwraIjKSdtzyBdyytFOHmPZY917kwdwLG0RbOjWOnKmnm3PeHjaoLLMie7kPLQw==

swr@^2.3.3:
  version "2.3.3"
  resolved "https://registry.yarnpkg.com/swr/-/swr-2.3.3.tgz#9d6a703355f15f9099f45114db3ef75764444788"
  integrity sha512-dshNvs3ExOqtZ6kJBaAsabhPdHyeY4P2cKwRCniDVifBMoG/SVI7tfLWqPXriVspf2Rg4tPzXJTnwaihIeFw2A==
  dependencies:
    dequal "^2.0.3"
    use-sync-external-store "^1.4.0"

toidentifier@1.0.1:
  version "1.0.1"
  resolved "https://registry.npmjs.org/toidentifier/-/toidentifier-1.0.1.tgz"
  integrity sha512-o5sSPKEkg/DIQNmH43V0/uerLrpzVedkUh8tGNvaeXpfpuwjKenlSox/2O/BTlZUtEe+JG7s5YhEz608PlAHRA==

tslib@2.8.1, tslib@^2.0.3:
  version "2.8.1"
  resolved "https://registry.yarnpkg.com/tslib/-/tslib-2.8.1.tgz#612efe4ed235d567e8aba5f2a5fab70280ade83f"
  integrity sha512-oJFu94HQb+KVduSUQL7wnpmqnfmLsOA/nAh6b6EH0wCEoK0/mPeXU6c3wKDV83MkOuHPRHtSXKKU99IBazS/2w==

type-fest@^4.15.0:
  version "4.40.1"
  resolved "https://registry.yarnpkg.com/type-fest/-/type-fest-4.40.1.tgz#d78a09f08dd1081a434dd377967650cfd565401d"
  integrity sha512-9YvLNnORDpI+vghLU/Nf+zSv0kL47KbVJ1o3sKgoTefl6i+zebxbiDQWoe/oWWqPhIgQdRZRT1KA9sCPL810SA==

type-is@^2.0.0, type-is@^2.0.1:
  version "2.0.1"
  resolved "https://registry.npmjs.org/type-is/-/type-is-2.0.1.tgz"
  integrity sha512-OZs6gsjF4vMp32qrCbiVSkrFmXtG/AZhY3t0iAMrMBiAZyV9oALtXO8hsrHbMXF9x6L3grlFuwW2oAz7cav+Gw==
  dependencies:
    content-type "^1.0.5"
    media-typer "^1.1.0"
    mime-types "^3.0.0"

undici-types@~6.21.0:
  version "6.21.0"
  resolved "https://registry.npmjs.org/undici-types/-/undici-types-6.21.0.tgz"
  integrity sha512-iwDZqg0QAGrg9Rav5H4n0M64c3mkR59cJ6wQp+7C4nI0gsmExaedaYLNO44eT4AtBBwjbTiGPMlt2Md0T9H9JQ==

unpipe@1.0.0:
  version "1.0.0"
  resolved "https://registry.npmjs.org/unpipe/-/unpipe-1.0.0.tgz"
  integrity sha512-pjy2bYhSsufwWlKwPc+l3cN7+wuJlK6uz0YdJEOlQDbl6jo/YlPi4mb8agUkVC8BF7V8NuzeyPNqRksA3hztKQ==

use-sync-external-store@^1.4.0:
  version "1.5.0"
  resolved "https://registry.yarnpkg.com/use-sync-external-store/-/use-sync-external-store-1.5.0.tgz#55122e2a3edd2a6c106174c27485e0fd59bcfca0"
  integrity sha512-Rb46I4cGGVBmjamjphe8L/UnvJD+uPPtTkNvX5mZgqdbavhI4EbgIWJiIHXJ8bc/i9EQGPRh4DwEURJ552Do0A==

vary@^1.1.2:
  version "1.1.2"
  resolved "https://registry.npmjs.org/vary/-/vary-1.1.2.tgz"
  integrity sha512-BNGbWLfd0eUPabhkXUVm0j8uuvREyTh5ovRa/dyow/BqAbZJyC+5fU+IzQOzmAKzYqYRAISoRhdQr3eIZ/PXqg==

wrappy@1:
  version "1.0.2"
  resolved "https://registry.npmjs.org/wrappy/-/wrappy-1.0.2.tgz"
  integrity sha512-l4Sp/DRseor9wL6EvV2+TuQn63dMkPjZ/sp9XkghTEbV9KlPS1xUsZ3u7/IQO4wxtcFB4bgpQPRcR3QCvezPcQ==

ws@^8.18.2:
  version "8.18.2"
  resolved "https://registry.npmjs.org/ws/-/ws-8.18.2.tgz"
  integrity sha512-DMricUmwGZUVr++AEAe2uiVM7UoO9MAVZMDu05UQOaUII0lp+zOzLLU4Xqh/JvTqklB1T4uELaaPBKyjE1r4fQ==
